
Microsoft Visual Studio Solution File, Format Version 12.00
# Visual Studio Version 17
VisualStudioVersion = 17.9.34902.65
MinimumVisualStudioVersion = 10.0.40219.1
Project("{9A19103F-16F7-4668-BE54-9A1E7A4F7556}") = "School.Management.BlazorWebAssembly.UI", "School.Management.BlazorWebAssembly.UI\School.Management.BlazorWebAssembly.UI.csproj", "{B4B14948-24B6-4F83-A26A-BCA1367F11CB}"
EndProject
Project("{9A19103F-16F7-4668-BE54-9A1E7A4F7556}") = "School.Management.Rest.API", "School.Management.Rest.API\School.Management.Rest.API.csproj", "{9FD282F2-ACCD-4774-A3FB-7E34F1ECF467}"
EndProject
Global
	GlobalSection(SolutionConfigurationPlatforms) = preSolution
		Debug|Any CPU = Debug|Any CPU
		Release|Any CPU = Release|Any CPU
	EndGlobalSection
	GlobalSection(ProjectConfigurationPlatforms) = postSolution
		{B4B14948-24B6-4F83-A26A-BCA1367F11CB}.Debug|Any CPU.ActiveCfg = Debug|Any CPU
		{B4B14948-24B6-4F83-A26A-BCA1367F11CB}.Debug|Any CPU.Build.0 = Debug|Any CPU
		{B4B14948-24B6-4F83-A26A-BCA1367F11CB}.Release|Any CPU.ActiveCfg = Release|Any CPU
		{B4B14948-24B6-4F83-A26A-BCA1367F11CB}.Release|Any CPU.Build.0 = Release|Any CPU
		{9FD282F2-ACCD-4774-A3FB-7E34F1ECF467}.Debug|Any CPU.ActiveCfg = Debug|Any CPU
		{9FD282F2-ACCD-4774-A3FB-7E34F1ECF467}.Debug|Any CPU.Build.0 = Debug|Any CPU
		{9FD282F2-ACCD-4774-A3FB-7E34F1ECF467}.Release|Any CPU.ActiveCfg = Release|Any CPU
		{9FD282F2-ACCD-4774-A3FB-7E34F1ECF467}.Release|Any CPU.Build.0 = Release|Any CPU
	EndGlobalSection
	GlobalSection(SolutionProperties) = preSolution
		HideSolutionNode = FALSE
	EndGlobalSection
	GlobalSection(ExtensibilityGlobals) = postSolution
		SolutionGuid = {13876262-5C37-454F-BA56-C893F332FD13}
	EndGlobalSection
EndGlobal
